
Microsoft Visual Studio Solution File, Format Version 12.00
# Visual Studio 2012
Project("{FAE04EC0-301F-11D3-BF4B-00C04F79EFBC}") = "CustomAttribute", "ConsoleApplication11\CustomAttribute.csproj", "{918E05E8-3C72-423D-9C41-B6D7CC62D9DA}"
EndProject
Global
	GlobalSection(SolutionConfigurationPlatforms) = preSolution
		Debug|Any CPU = Debug|Any CPU
		Release|Any CPU = Release|Any CPU
	EndGlobalSection
	GlobalSection(ProjectConfigurationPlatforms) = postSolution
		{918E05E8-3C72-423D-9C41-B6D7CC62D9DA}.Debug|Any CPU.ActiveCfg = Debug|Any CPU
		{918E05E8-3C72-423D-9C41-B6D7CC62D9DA}.Debug|Any CPU.Build.0 = Debug|Any CPU
		{918E05E8-3C72-423D-9C41-B6D7CC62D9DA}.Release|Any CPU.ActiveCfg = Release|Any CPU
		{918E05E8-3C72-423D-9C41-B6D7CC62D9DA}.Release|Any CPU.Build.0 = Release|Any CPU
	EndGlobalSection
	GlobalSection(SolutionProperties) = preSolution
		HideSolutionNode = FALSE
	EndGlobalSection
EndGlobal
