
Microsoft Visual Studio Solution File, Format Version 12.00
# Visual Studio 2012
Project("{FAE04EC0-301F-11D3-BF4B-00C04F79EFBC}") = "Over_Loading", "Over_Loading\Over_Loading.csproj", "{43CA7848-D15A-4467-AD46-C23F7E81DF42}"
EndProject
Global
	GlobalSection(SolutionConfigurationPlatforms) = preSolution
		Debug|Any CPU = Debug|Any CPU
		Release|Any CPU = Release|Any CPU
	EndGlobalSection
	GlobalSection(ProjectConfigurationPlatforms) = postSolution
		{43CA7848-D15A-4467-AD46-C23F7E81DF42}.Debug|Any CPU.ActiveCfg = Debug|Any CPU
		{43CA7848-D15A-4467-AD46-C23F7E81DF42}.Debug|Any CPU.Build.0 = Debug|Any CPU
		{43CA7848-D15A-4467-AD46-C23F7E81DF42}.Release|Any CPU.ActiveCfg = Release|Any CPU
		{43CA7848-D15A-4467-AD46-C23F7E81DF42}.Release|Any CPU.Build.0 = Release|Any CPU
	EndGlobalSection
	GlobalSection(SolutionProperties) = preSolution
		HideSolutionNode = FALSE
	EndGlobalSection
EndGlobal
